
Microsoft Visual Studio Solution File, Format Version 12.00
# Visual Studio Version 17
VisualStudioVersion = 17.0.31903.59
MinimumVisualStudioVersion = 10.0.40219.1
Project("{2150E333-8FDC-42A3-9474-1A3956D46DE8}") = "src", "src", "{827E0CD3-B72D-47B6-A68D-7590B98EB39B}"
EndProject
Project("{FAE04EC0-301F-11D3-BF4B-00C04F79EFBC}") = "NDE.Api", "src\NDE.Api\NDE.Api.csproj", "{07F12750-9F60-45EA-920F-996D9F770BF8}"
EndProject
Project("{FAE04EC0-301F-11D3-BF4B-00C04F79EFBC}") = "NDE.Data", "src\NDE.Data\NDE.Data.csproj", "{2EA5A490-D3C2-4645-9531-705864689A18}"
EndProject
Project("{FAE04EC0-301F-11D3-BF4B-00C04F79EFBC}") = "NDE.Domain", "src\NDE.Domain\NDE.Domain.csproj", "{34099EF7-142C-4B41-A836-F6D643C9FF50}"
EndProject
Project("{FAE04EC0-301F-11D3-BF4B-00C04F79EFBC}") = "NDE.Application", "src\NDE.Application\NDE.Application.csproj", "{8C678E8C-0AF2-42F6-BF2B-134DE433E57E}"
EndProject
Project("{FAE04EC0-301F-11D3-BF4B-00C04F79EFBC}") = "NDE.Observability", "src\NDE.Observability\NDE.Observability.csproj", "{477E0E20-BBD7-417E-90FA-B5899A8DE6D3}"
EndProject
Project("{FAE04EC0-301F-11D3-BF4B-00C04F79EFBC}") = "NDE.VectorStore", "src\NDE.VectorStore\NDE.VectorStore.csproj", "{84151A8F-27E3-42DD-9C92-34323023FAFD}"
EndProject
Global
	GlobalSection(SolutionConfigurationPlatforms) = preSolution
		Debug|Any CPU = Debug|Any CPU
		Debug|x64 = Debug|x64
		Debug|x86 = Debug|x86
		Release|Any CPU = Release|Any CPU
		Release|x64 = Release|x64
		Release|x86 = Release|x86
	EndGlobalSection
	GlobalSection(ProjectConfigurationPlatforms) = postSolution
		{07F12750-9F60-45EA-920F-996D9F770BF8}.Debug|Any CPU.ActiveCfg = Debug|Any CPU
		{07F12750-9F60-45EA-920F-996D9F770BF8}.Debug|Any CPU.Build.0 = Debug|Any CPU
		{07F12750-9F60-45EA-920F-996D9F770BF8}.Debug|x64.ActiveCfg = Debug|Any CPU
		{07F12750-9F60-45EA-920F-996D9F770BF8}.Debug|x64.Build.0 = Debug|Any CPU
		{07F12750-9F60-45EA-920F-996D9F770BF8}.Debug|x86.ActiveCfg = Debug|Any CPU
		{07F12750-9F60-45EA-920F-996D9F770BF8}.Debug|x86.Build.0 = Debug|Any CPU
		{07F12750-9F60-45EA-920F-996D9F770BF8}.Release|Any CPU.ActiveCfg = Release|Any CPU
		{07F12750-9F60-45EA-920F-996D9F770BF8}.Release|Any CPU.Build.0 = Release|Any CPU
		{07F12750-9F60-45EA-920F-996D9F770BF8}.Release|x64.ActiveCfg = Release|Any CPU
		{07F12750-9F60-45EA-920F-996D9F770BF8}.Release|x64.Build.0 = Release|Any CPU
		{07F12750-9F60-45EA-920F-996D9F770BF8}.Release|x86.ActiveCfg = Release|Any CPU
		{07F12750-9F60-45EA-920F-996D9F770BF8}.Release|x86.Build.0 = Release|Any CPU
		{2EA5A490-D3C2-4645-9531-705864689A18}.Debug|Any CPU.ActiveCfg = Debug|Any CPU
		{2EA5A490-D3C2-4645-9531-705864689A18}.Debug|Any CPU.Build.0 = Debug|Any CPU
		{2EA5A490-D3C2-4645-9531-705864689A18}.Debug|x64.ActiveCfg = Debug|Any CPU
		{2EA5A490-D3C2-4645-9531-705864689A18}.Debug|x64.Build.0 = Debug|Any CPU
		{2EA5A490-D3C2-4645-9531-705864689A18}.Debug|x86.ActiveCfg = Debug|Any CPU
		{2EA5A490-D3C2-4645-9531-705864689A18}.Debug|x86.Build.0 = Debug|Any CPU
		{2EA5A490-D3C2-4645-9531-705864689A18}.Release|Any CPU.ActiveCfg = Release|Any CPU
		{2EA5A490-D3C2-4645-9531-705864689A18}.Release|Any CPU.Build.0 = Release|Any CPU
		{2EA5A490-D3C2-4645-9531-705864689A18}.Release|x64.ActiveCfg = Release|Any CPU
		{2EA5A490-D3C2-4645-9531-705864689A18}.Release|x64.Build.0 = Release|Any CPU
		{2EA5A490-D3C2-4645-9531-705864689A18}.Release|x86.ActiveCfg = Release|Any CPU
		{2EA5A490-D3C2-4645-9531-705864689A18}.Release|x86.Build.0 = Release|Any CPU
		{34099EF7-142C-4B41-A836-F6D643C9FF50}.Debug|Any CPU.ActiveCfg = Debug|Any CPU
		{34099EF7-142C-4B41-A836-F6D643C9FF50}.Debug|Any CPU.Build.0 = Debug|Any CPU
		{34099EF7-142C-4B41-A836-F6D643C9FF50}.Debug|x64.ActiveCfg = Debug|Any CPU
		{34099EF7-142C-4B41-A836-F6D643C9FF50}.Debug|x64.Build.0 = Debug|Any CPU
		{34099EF7-142C-4B41-A836-F6D643C9FF50}.Debug|x86.ActiveCfg = Debug|Any CPU
		{34099EF7-142C-4B41-A836-F6D643C9FF50}.Debug|x86.Build.0 = Debug|Any CPU
		{34099EF7-142C-4B41-A836-F6D643C9FF50}.Release|Any CPU.ActiveCfg = Release|Any CPU
		{34099EF7-142C-4B41-A836-F6D643C9FF50}.Release|Any CPU.Build.0 = Release|Any CPU
		{34099EF7-142C-4B41-A836-F6D643C9FF50}.Release|x64.ActiveCfg = Release|Any CPU
		{34099EF7-142C-4B41-A836-F6D643C9FF50}.Release|x64.Build.0 = Release|Any CPU
		{34099EF7-142C-4B41-A836-F6D643C9FF50}.Release|x86.ActiveCfg = Release|Any CPU
		{34099EF7-142C-4B41-A836-F6D643C9FF50}.Release|x86.Build.0 = Release|Any CPU
		{8C678E8C-0AF2-42F6-BF2B-134DE433E57E}.Debug|Any CPU.ActiveCfg = Debug|Any CPU
		{8C678E8C-0AF2-42F6-BF2B-134DE433E57E}.Debug|Any CPU.Build.0 = Debug|Any CPU
		{8C678E8C-0AF2-42F6-BF2B-134DE433E57E}.Debug|x64.ActiveCfg = Debug|Any CPU
		{8C678E8C-0AF2-42F6-BF2B-134DE433E57E}.Debug|x64.Build.0 = Debug|Any CPU
		{8C678E8C-0AF2-42F6-BF2B-134DE433E57E}.Debug|x86.ActiveCfg = Debug|Any CPU
		{8C678E8C-0AF2-42F6-BF2B-134DE433E57E}.Debug|x86.Build.0 = Debug|Any CPU
		{8C678E8C-0AF2-42F6-BF2B-134DE433E57E}.Release|Any CPU.ActiveCfg = Release|Any CPU
		{8C678E8C-0AF2-42F6-BF2B-134DE433E57E}.Release|Any CPU.Build.0 = Release|Any CPU
		{8C678E8C-0AF2-42F6-BF2B-134DE433E57E}.Release|x64.ActiveCfg = Release|Any CPU
		{8C678E8C-0AF2-42F6-BF2B-134DE433E57E}.Release|x64.Build.0 = Release|Any CPU
		{8C678E8C-0AF2-42F6-BF2B-134DE433E57E}.Release|x86.ActiveCfg = Release|Any CPU
		{8C678E8C-0AF2-42F6-BF2B-134DE433E57E}.Release|x86.Build.0 = Release|Any CPU
		{477E0E20-BBD7-417E-90FA-B5899A8DE6D3}.Debug|Any CPU.ActiveCfg = Debug|Any CPU
		{477E0E20-BBD7-417E-90FA-B5899A8DE6D3}.Debug|Any CPU.Build.0 = Debug|Any CPU
		{477E0E20-BBD7-417E-90FA-B5899A8DE6D3}.Debug|x64.ActiveCfg = Debug|Any CPU
		{477E0E20-BBD7-417E-90FA-B5899A8DE6D3}.Debug|x64.Build.0 = Debug|Any CPU
		{477E0E20-BBD7-417E-90FA-B5899A8DE6D3}.Debug|x86.ActiveCfg = Debug|Any CPU
		{477E0E20-BBD7-417E-90FA-B5899A8DE6D3}.Debug|x86.Build.0 = Debug|Any CPU
		{477E0E20-BBD7-417E-90FA-B5899A8DE6D3}.Release|Any CPU.ActiveCfg = Release|Any CPU
		{477E0E20-BBD7-417E-90FA-B5899A8DE6D3}.Release|Any CPU.Build.0 = Release|Any CPU
		{477E0E20-BBD7-417E-90FA-B5899A8DE6D3}.Release|x64.ActiveCfg = Release|Any CPU
		{477E0E20-BBD7-417E-90FA-B5899A8DE6D3}.Release|x64.Build.0 = Release|Any CPU
		{477E0E20-BBD7-417E-90FA-B5899A8DE6D3}.Release|x86.ActiveCfg = Release|Any CPU
		{477E0E20-BBD7-417E-90FA-B5899A8DE6D3}.Release|x86.Build.0 = Release|Any CPU
		{84151A8F-27E3-42DD-9C92-34323023FAFD}.Debug|Any CPU.ActiveCfg = Debug|Any CPU
		{84151A8F-27E3-42DD-9C92-34323023FAFD}.Debug|Any CPU.Build.0 = Debug|Any CPU
		{84151A8F-27E3-42DD-9C92-34323023FAFD}.Debug|x64.ActiveCfg = Debug|Any CPU
		{84151A8F-27E3-42DD-9C92-34323023FAFD}.Debug|x64.Build.0 = Debug|Any CPU
		{84151A8F-27E3-42DD-9C92-34323023FAFD}.Debug|x86.ActiveCfg = Debug|Any CPU
		{84151A8F-27E3-42DD-9C92-34323023FAFD}.Debug|x86.Build.0 = Debug|Any CPU
		{84151A8F-27E3-42DD-9C92-34323023FAFD}.Release|Any CPU.ActiveCfg = Release|Any CPU
		{84151A8F-27E3-42DD-9C92-34323023FAFD}.Release|Any CPU.Build.0 = Release|Any CPU
		{84151A8F-27E3-42DD-9C92-34323023FAFD}.Release|x64.ActiveCfg = Release|Any CPU
		{84151A8F-27E3-42DD-9C92-34323023FAFD}.Release|x64.Build.0 = Release|Any CPU
		{84151A8F-27E3-42DD-9C92-34323023FAFD}.Release|x86.ActiveCfg = Release|Any CPU
		{84151A8F-27E3-42DD-9C92-34323023FAFD}.Release|x86.Build.0 = Release|Any CPU
	EndGlobalSection
	GlobalSection(SolutionProperties) = preSolution
		HideSolutionNode = FALSE
	EndGlobalSection
	GlobalSection(NestedProjects) = preSolution
		{07F12750-9F60-45EA-920F-996D9F770BF8} = {827E0CD3-B72D-47B6-A68D-7590B98EB39B}
		{2EA5A490-D3C2-4645-9531-705864689A18} = {827E0CD3-B72D-47B6-A68D-7590B98EB39B}
		{34099EF7-142C-4B41-A836-F6D643C9FF50} = {827E0CD3-B72D-47B6-A68D-7590B98EB39B}
		{8C678E8C-0AF2-42F6-BF2B-134DE433E57E} = {827E0CD3-B72D-47B6-A68D-7590B98EB39B}
		{477E0E20-BBD7-417E-90FA-B5899A8DE6D3} = {827E0CD3-B72D-47B6-A68D-7590B98EB39B}
		{84151A8F-27E3-42DD-9C92-34323023FAFD} = {827E0CD3-B72D-47B6-A68D-7590B98EB39B}
	EndGlobalSection
EndGlobal
